{
    "_readme": [
        "This file locks the dependencies of your project to a known state",
        "Read more about it at https://getcomposer.org/doc/01-basic-usage.md#composer-lock-the-lock-file",
        "This file is @generated automatically"
    ],
    "content-hash": "fa51144de7eb20368e015c414e6fbcd8",
    "packages": [
        {
            "name": "calcinai/xero-php",
            "version": "v1.5.0",
            "source": {
                "type": "git",
                "url": "https://github.com/calcinai/xero-php.git",
                "reference": "dc558970f90acaac29667baaf07a8be9be7d2a5a"
            },
            "dist": {
                "type": "zip",
                "url": "https://api.github.com/repos/calcinai/xero-php/zipball/dc558970f90acaac29667baaf07a8be9be7d2a5a",
                "reference": "dc558970f90acaac29667baaf07a8be9be7d2a5a",
                "shasum": ""
            },
            "require": {
                "ext-curl": "*",
                "ext-openssl": "*",
                "php": ">=5.5.0"
            },
            "require-dev": {
                "fabpot/goutte": "~2.0",
                "phpunit/phpunit": "~4.7",
                "twig/twig": "1.16.2"
            },
            "type": "library",
            "autoload": {
                "psr-4": {
                    "XeroPHP\\": "src/XeroPHP/"
                }
            },
            "notification-url": "https://packagist.org/downloads/",
            "license": [
                "MIT"
            ],
            "description": "A client implementation of the Xero API, with a cleaner OAuth interface and ORM-like abstraction.",
            "homepage": "https://github.com/calcinai/xero-php",
            "time": "2017-02-10T20:25:27+00:00"
        }
    ],
    "packages-dev": [],
    "aliases": [],
    "minimum-stability": "stable",
    "stability-flags": [],
    "prefer-stable": false,
    "prefer-lowest": false,
    "platform": [],
    "platform-dev": []
}
